
Microsoft Visual Studio Solution File, Format Version 12.00
# Visual Studio Version 17
VisualStudioVersion = 17.12.35707.178
MinimumVisualStudioVersion = 10.0.40219.1
Project("{FAE04EC0-301F-11D3-BF4B-00C04F79EFBC}") = "EntitetsLager", "EntitetsLager\EntitetsLager.csproj", "{5B6A7891-1702-4B3A-8529-2014BB2B8862}"
EndProject
Project("{FAE04EC0-301F-11D3-BF4B-00C04F79EFBC}") = "Presentationslager", "Presentationslager\Presentationslager.csproj", "{ACAF6462-F496-4FE8-87A7-CC10FE97E862}"
EndProject
Project("{FAE04EC0-301F-11D3-BF4B-00C04F79EFBC}") = "DataLager", "DataLager\DataLager.csproj", "{DA957EE7-31D2-4996-BBFC-F646EBDA1658}"
EndProject
Project("{FAE04EC0-301F-11D3-BF4B-00C04F79EFBC}") = "AffärsLager", "AffärsLager\AffärsLager.csproj", "{41C49B2A-91C7-4255-8432-9A834EED0B0D}"
EndProject
Global
	GlobalSection(SolutionConfigurationPlatforms) = preSolution
		Debug|Any CPU = Debug|Any CPU
		Release|Any CPU = Release|Any CPU
	EndGlobalSection
	GlobalSection(ProjectConfigurationPlatforms) = postSolution
		{5B6A7891-1702-4B3A-8529-2014BB2B8862}.Debug|Any CPU.ActiveCfg = Debug|Any CPU
		{5B6A7891-1702-4B3A-8529-2014BB2B8862}.Debug|Any CPU.Build.0 = Debug|Any CPU
		{5B6A7891-1702-4B3A-8529-2014BB2B8862}.Release|Any CPU.ActiveCfg = Release|Any CPU
		{5B6A7891-1702-4B3A-8529-2014BB2B8862}.Release|Any CPU.Build.0 = Release|Any CPU
		{ACAF6462-F496-4FE8-87A7-CC10FE97E862}.Debug|Any CPU.ActiveCfg = Debug|Any CPU
		{ACAF6462-F496-4FE8-87A7-CC10FE97E862}.Debug|Any CPU.Build.0 = Debug|Any CPU
		{ACAF6462-F496-4FE8-87A7-CC10FE97E862}.Release|Any CPU.ActiveCfg = Release|Any CPU
		{ACAF6462-F496-4FE8-87A7-CC10FE97E862}.Release|Any CPU.Build.0 = Release|Any CPU
		{DA957EE7-31D2-4996-BBFC-F646EBDA1658}.Debug|Any CPU.ActiveCfg = Debug|Any CPU
		{DA957EE7-31D2-4996-BBFC-F646EBDA1658}.Debug|Any CPU.Build.0 = Debug|Any CPU
		{DA957EE7-31D2-4996-BBFC-F646EBDA1658}.Release|Any CPU.ActiveCfg = Release|Any CPU
		{DA957EE7-31D2-4996-BBFC-F646EBDA1658}.Release|Any CPU.Build.0 = Release|Any CPU
		{41C49B2A-91C7-4255-8432-9A834EED0B0D}.Debug|Any CPU.ActiveCfg = Debug|Any CPU
		{41C49B2A-91C7-4255-8432-9A834EED0B0D}.Debug|Any CPU.Build.0 = Debug|Any CPU
		{41C49B2A-91C7-4255-8432-9A834EED0B0D}.Release|Any CPU.ActiveCfg = Release|Any CPU
		{41C49B2A-91C7-4255-8432-9A834EED0B0D}.Release|Any CPU.Build.0 = Release|Any CPU
	EndGlobalSection
	GlobalSection(SolutionProperties) = preSolution
		HideSolutionNode = FALSE
	EndGlobalSection
EndGlobal
